
Microsoft Visual Studio Solution File, Format Version 12.00
# Visual Studio Version 17
VisualStudioVersion = 17.13.35828.75 d17.13
MinimumVisualStudioVersion = 10.0.40219.1
Project("{8BC9CEB8-8B4A-11D0-8D11-00A0C91BC942}") = "MuteManager", "MuteManager\MuteManager.vcxproj", "{5652F8D8-1C2E-4BBE-BED5-2BDFBB9F40FA}"
EndProject
Global
	GlobalSection(SolutionConfigurationPlatforms) = preSolution
		Debug|x64 = Debug|x64
		Debug|x86 = Debug|x86
		Release|x64 = Release|x64
		Release|x86 = Release|x86
	EndGlobalSection
	GlobalSection(ProjectConfigurationPlatforms) = postSolution
		{5652F8D8-1C2E-4BBE-BED5-2BDFBB9F40FA}.Debug|x64.ActiveCfg = Debug|x64
		{5652F8D8-1C2E-4BBE-BED5-2BDFBB9F40FA}.Debug|x64.Build.0 = Debug|x64
		{5652F8D8-1C2E-4BBE-BED5-2BDFBB9F40FA}.Debug|x86.ActiveCfg = Debug|Win32
		{5652F8D8-1C2E-4BBE-BED5-2BDFBB9F40FA}.Debug|x86.Build.0 = Debug|Win32
		{5652F8D8-1C2E-4BBE-BED5-2BDFBB9F40FA}.Release|x64.ActiveCfg = Release|x64
		{5652F8D8-1C2E-4BBE-BED5-2BDFBB9F40FA}.Release|x64.Build.0 = Release|x64
		{5652F8D8-1C2E-4BBE-BED5-2BDFBB9F40FA}.Release|x86.ActiveCfg = Release|Win32
		{5652F8D8-1C2E-4BBE-BED5-2BDFBB9F40FA}.Release|x86.Build.0 = Release|Win32
	EndGlobalSection
	GlobalSection(SolutionProperties) = preSolution
		HideSolutionNode = FALSE
	EndGlobalSection
	GlobalSection(ExtensibilityGlobals) = postSolution
		SolutionGuid = {FA980520-B507-44F8-AB65-5F6F530555B0}
	EndGlobalSection
EndGlobal
